
Microsoft Visual Studio Solution File, Format Version 12.00
# Visual Studio 15
VisualStudioVersion = 15.0.28307.757
MinimumVisualStudioVersion = 10.0.40219.1
Project("{FAE04EC0-301F-11D3-BF4B-00C04F79EFBC}") = "Currency Format Converter", "Currency Format Converter\Currency Format Converter.csproj", "{2ECDD6B1-3F98-468E-AA21-72D97BB455DF}"
EndProject
Global
	GlobalSection(SolutionConfigurationPlatforms) = preSolution
		Debug|Any CPU = Debug|Any CPU
		Release|Any CPU = Release|Any CPU
	EndGlobalSection
	GlobalSection(ProjectConfigurationPlatforms) = postSolution
		{2ECDD6B1-3F98-468E-AA21-72D97BB455DF}.Debug|Any CPU.ActiveCfg = Debug|Any CPU
		{2ECDD6B1-3F98-468E-AA21-72D97BB455DF}.Debug|Any CPU.Build.0 = Debug|Any CPU
		{2ECDD6B1-3F98-468E-AA21-72D97BB455DF}.Release|Any CPU.ActiveCfg = Release|Any CPU
		{2ECDD6B1-3F98-468E-AA21-72D97BB455DF}.Release|Any CPU.Build.0 = Release|Any CPU
	EndGlobalSection
	GlobalSection(SolutionProperties) = preSolution
		HideSolutionNode = FALSE
	EndGlobalSection
	GlobalSection(ExtensibilityGlobals) = postSolution
		SolutionGuid = {7C67FEAA-BC3D-4471-96ED-C8181FB61406}
	EndGlobalSection
EndGlobal
